// !$*UTF8*$!
{
	archiveVersion = 1;
	classes = {
	};
	objectVersion = 46;
	objects = {

/* Begin PBXBuildFile section */
		DC05BD021C71622D007EC84B /* AppDelegate.swift in Sources */ = {isa = PBXBuildFile; fileRef = DC05BD011C71622D007EC84B /* AppDelegate.swift */; };
		DC05BD041C71622D007EC84B /* ViewController.swift in Sources */ = {isa = PBXBuildFile; fileRef = DC05BD031C71622D007EC84B /* ViewController.swift */; };
		DC05BD071C71622D007EC84B /* Main.storyboard in Resources */ = {isa = PBXBuildFile; fileRef = DC05BD051C71622D007EC84B /* Main.storyboard */; };
		DC05BD091C71622D007EC84B /* Assets.xcassets in Resources */ = {isa = PBXBuildFile; fileRef = DC05BD081C71622D007EC84B /* Assets.xcassets */; };
		DC05BD0C1C71622D007EC84B /* LaunchScreen.storyboard in Resources */ = {isa = PBXBuildFile; fileRef = DC05BD0A1C71622D007EC84B /* LaunchScreen.storyboard */; };
		DC05BD171C71622D007EC84B /* Swift_AnimationTests.swift in Sources */ = {isa = PBXBuildFile; fileRef = DC05BD161C71622D007EC84B /* Swift_AnimationTests.swift */; };
		DC05BD221C71622D007EC84B /* Swift_AnimationUITests.swift in Sources */ = {isa = PBXBuildFile; fileRef = DC05BD211C71622D007EC84B /* Swift_AnimationUITests.swift */; };
		DC05BD301C71692E007EC84B /* HolderView.swift in Sources */ = {isa = PBXBuildFile; fileRef = DC05BD2F1C71692E007EC84B /* HolderView.swift */; };
		DC05BD321C716957007EC84B /* OvalLayer.swift in Sources */ = {isa = PBXBuildFile; fileRef = DC05BD311C716957007EC84B /* OvalLayer.swift */; };
		DC05BD351C71A7BE007EC84B /* TriangleLayer.swift in Sources */ = {isa = PBXBuildFile; fileRef = DC05BD341C71A7BE007EC84B /* TriangleLayer.swift */; };
		DC05BD3A1C72D7E3007EC84B /* RectangleLayer.swift in Sources */ = {isa = PBXBuildFile; fileRef = DC05BD391C72D7E3007EC84B /* RectangleLayer.swift */; };
		DC05BD3C1C7315F2007EC84B /* ArcLayer.swift in Sources */ = {isa = PBXBuildFile; fileRef = DC05BD3B1C7315F2007EC84B /* ArcLayer.swift */; };
/* End PBXBuildFile section */

/* Begin PBXContainerItemProxy section */
		DC05BD131C71622D007EC84B /* PBXContainerItemProxy */ = {
			isa = PBXContainerItemProxy;
			containerPortal = DC05BCF61C71622D007EC84B /* Project object */;
			proxyType = 1;
			remoteGlobalIDString = DC05BCFD1C71622D007EC84B;
			remoteInfo = Swift_Animation;
		};
		DC05BD1E1C71622D007EC84B /* PBXContainerItemProxy */ = {
			isa = PBXContainerItemProxy;
			containerPortal = DC05BCF61C71622D007EC84B /* Project object */;
			proxyType = 1;
			remoteGlobalIDString = DC05BCFD1C71622D007EC84B;
			remoteInfo = Swift_Animation;
		};
/* End PBXContainerItemProxy section */

/* Begin PBXFileReference section */
		DC05BCFE1C71622D007EC84B /* Swift_Animation.app */ = {isa = PBXFileReference; explicitFileType = wrapper.application; includeInIndex = 0; path = Swift_Animation.app; sourceTree = BUILT_PRODUCTS_DIR; };
		DC05BD011C71622D007EC84B /* AppDelegate.swift */ = {isa = PBXFileReference; lastKnownFileType = sourcecode.swift; path = AppDelegate.swift; sourceTree = "<group>"; };
		DC05BD031C71622D007EC84B /* ViewController.swift */ = {isa = PBXFileReference; lastKnownFileType = sourcecode.swift; path = ViewController.swift; sourceTree = "<group>"; };
		DC05BD061C71622D007EC84B /* Base */ = {isa = PBXFileReference; lastKnownFileType = file.storyboard; name = Base; path = Base.lproj/Main.storyboard; sourceTree = "<group>"; };
		DC05BD081C71622D007EC84B /* Assets.xcassets */ = {isa = PBXFileReference; lastKnownFileType = folder.assetcatalog; path = Assets.xcassets; sourceTree = "<group>"; };
		DC05BD0B1C71622D007EC84B /* Base */ = {isa = PBXFileReference; lastKnownFileType = file.storyboard; name = Base; path = Base.lproj/LaunchScreen.storyboard; sourceTree = "<group>"; };
		DC05BD0D1C71622D007EC84B /* Info.plist */ = {isa = PBXFileReference; lastKnownFileType = text.plist.xml; path = Info.plist; sourceTree = "<group>"; };
		DC05BD121C71622D007EC84B /* Swift_AnimationTests.xctest */ = {isa = PBXFileReference; explicitFileType = wrapper.cfbundle; includeInIndex = 0; path = Swift_AnimationTests.xctest; sourceTree = BUILT_PRODUCTS_DIR; };
		DC05BD161C71622D007EC84B /* Swift_AnimationTests.swift */ = {isa = PBXFileReference; lastKnownFileType = sourcecode.swift; path = Swift_AnimationTests.swift; sourceTree = "<group>"; };
		DC05BD181C71622D007EC84B /* Info.plist */ = {isa = PBXFileReference; lastKnownFileType = text.plist.xml; path = Info.plist; sourceTree = "<group>"; };
		DC05BD1D1C71622D007EC84B /* Swift_AnimationUITests.xctest */ = {isa = PBXFileReference; explicitFileType = wrapper.cfbundle; includeInIndex = 0; path = Swift_AnimationUITests.xctest; sourceTree = BUILT_PRODUCTS_DIR; };
		DC05BD211C71622D007EC84B /* Swift_AnimationUITests.swift */ = {isa = PBXFileReference; lastKnownFileType = sourcecode.swift; path = Swift_AnimationUITests.swift; sourceTree = "<group>"; };
		DC05BD231C71622D007EC84B /* Info.plist */ = {isa = PBXFileReference; lastKnownFileType = text.plist.xml; path = Info.plist; sourceTree = "<group>"; };
		DC05BD2F1C71692E007EC84B /* HolderView.swift */ = {isa = PBXFileReference; fileEncoding = 4; lastKnownFileType = sourcecode.swift; path = HolderView.swift; sourceTree = "<group>"; };
		DC05BD311C716957007EC84B /* OvalLayer.swift */ = {isa = PBXFileReference; fileEncoding = 4; lastKnownFileType = sourcecode.swift; path = OvalLayer.swift; sourceTree = "<group>"; };
		DC05BD341C71A7BE007EC84B /* TriangleLayer.swift */ = {isa = PBXFileReference; fileEncoding = 4; lastKnownFileType = sourcecode.swift; path = TriangleLayer.swift; sourceTree = "<group>"; };
		DC05BD391C72D7E3007EC84B /* RectangleLayer.swift */ = {isa = PBXFileReference; fileEncoding = 4; lastKnownFileType = sourcecode.swift; path = RectangleLayer.swift; sourceTree = "<group>"; };
		DC05BD3B1C7315F2007EC84B /* ArcLayer.swift */ = {isa = PBXFileReference; fileEncoding = 4; lastKnownFileType = sourcecode.swift; path = ArcLayer.swift; sourceTree = "<group>"; };
/* End PBXFileReference section */

/* Begin PBXFrameworksBuildPhase section */
		DC05BCFB1C71622D007EC84B /* Frameworks */ = {
			isa = PBXFrameworksBuildPhase;
			buildActionMask = 2147483647;
			files = (
			);
			runOnlyForDeploymentPostprocessing = 0;
		};
		DC05BD0F1C71622D007EC84B /* Frameworks */ = {
			isa = PBXFrameworksBuildPhase;
			buildActionMask = 2147483647;
			files = (
			);
			runOnlyForDeploymentPostprocessing = 0;
		};
		DC05BD1A1C71622D007EC84B /* Frameworks */ = {
			isa = PBXFrameworksBuildPhase;
			buildActionMask = 2147483647;
			files = (
			);
			runOnlyForDeploymentPostprocessing = 0;
		};
/* End PBXFrameworksBuildPhase section */

/* Begin PBXGroup section */
		DC05BCF51C71622D007EC84B = {
			isa = PBXGroup;
			children = (
				DC05BD001C71622D007EC84B /* Swift_Animation */,
				DC05BD151C71622D007EC84B /* Swift_AnimationTests */,
				DC05BD201C71622D007EC84B /* Swift_AnimationUITests */,
				DC05BCFF1C71622D007EC84B /* Products */,
			);
			sourceTree = "<group>";
		};
		DC05BCFF1C71622D007EC84B /* Products */ = {
			isa = PBXGroup;
			children = (
				DC05BCFE1C71622D007EC84B /* Swift_Animation.app */,
				DC05BD121C71622D007EC84B /* Swift_AnimationTests.xctest */,
				DC05BD1D1C71622D007EC84B /* Swift_AnimationUITests.xctest */,
			);
			name = Products;
			sourceTree = "<group>";
		};
		DC05BD001C71622D007EC84B /* Swift_Animation */ = {
			isa = PBXGroup;
			children = (
				DC05BD331C71695A007EC84B /* Layers */,
				DC05BD011C71622D007EC84B /* AppDelegate.swift */,
				DC05BD031C71622D007EC84B /* ViewController.swift */,
				DC05BD051C71622D007EC84B /* Main.storyboard */,
				DC05BD081C71622D007EC84B /* Assets.xcassets */,
				DC05BD0A1C71622D007EC84B /* LaunchScreen.storyboard */,
				DC05BD0D1C71622D007EC84B /* Info.plist */,
			);
			path = Swift_Animation;
			sourceTree = "<group>";
		};
		DC05BD151C71622D007EC84B /* Swift_AnimationTests */ = {
			isa = PBXGroup;
			children = (
				DC05BD161C71622D007EC84B /* Swift_AnimationTests.swift */,
				DC05BD181C71622D007EC84B /* Info.plist */,
			);
			path = Swift_AnimationTests;
			sourceTree = "<group>";
		};
		DC05BD201C71622D007EC84B /* Swift_AnimationUITests */ = {
			isa = PBXGroup;
			children = (
				DC05BD211C71622D007EC84B /* Swift_AnimationUITests.swift */,
				DC05BD231C71622D007EC84B /* Info.plist */,
			);
			path = Swift_AnimationUITests;
			sourceTree = "<group>";
		};
		DC05BD331C71695A007EC84B /* Layers */ = {
			isa = PBXGroup;
			children = (
				DC05BD2F1C71692E007EC84B /* HolderView.swift */,
				DC05BD311C716957007EC84B /* OvalLayer.swift */,
				DC05BD341C71A7BE007EC84B /* TriangleLayer.swift */,
				DC05BD391C72D7E3007EC84B /* RectangleLayer.swift */,
				DC05BD3B1C7315F2007EC84B /* ArcLayer.swift */,
			);
			name = Layers;
			sourceTree = "<group>";
		};
/* End PBXGroup section */

/* Begin PBXNativeTarget section */
		DC05BCFD1C71622D007EC84B /* Swift_Animation */ = {
			isa = PBXNativeTarget;
			buildConfigurationList = DC05BD261C71622D007EC84B /* Build configuration list for PBXNativeTarget "Swift_Animation" */;
			buildPhases = (
				DC05BCFA1C71622D007EC84B /* Sources */,
				DC05BCFB1C71622D007EC84B /* Frameworks */,
				DC05BCFC1C71622D007EC84B /* Resources */,
			);
			buildRules = (
			);
			dependencies = (
			);
			name = Swift_Animation;
			productName = Swift_Animation;
			productReference = DC05BCFE1C71622D007EC84B /* Swift_Animation.app */;
			productType = "com.apple.product-type.application";
		};
		DC05BD111C71622D007EC84B /* Swift_AnimationTests */ = {
			isa = PBXNativeTarget;
			buildConfigurationList = DC05BD291C71622D007EC84B /* Build configuration list for PBXNativeTarget "Swift_AnimationTests" */;
			buildPhases = (
				DC05BD0E1C71622D007EC84B /* Sources */,
				DC05BD0F1C71622D007EC84B /* Frameworks */,
				DC05BD101C71622D007EC84B /* Resources */,
			);
			buildRules = (
			);
			dependencies = (
				DC05BD141C71622D007EC84B /* PBXTargetDependency */,
			);
			name = Swift_AnimationTests;
			productName = Swift_AnimationTests;
			productReference = DC05BD121C71622D007EC84B /* Swift_AnimationTests.xctest */;
			productType = "com.apple.product-type.bundle.unit-test";
		};
		DC05BD1C1C71622D007EC84B /* Swift_AnimationUITests */ = {
			isa = PBXNativeTarget;
			buildConfigurationList = DC05BD2C1C71622D007EC84B /* Build configuration list for PBXNativeTarget "Swift_AnimationUITests" */;
			buildPhases = (
				DC05BD191C71622D007EC84B /* Sources */,
				DC05BD1A1C71622D007EC84B /* Frameworks */,
				DC05BD1B1C71622D007EC84B /* Resources */,
			);
			buildRules = (
			);
			dependencies = (
				DC05BD1F1C71622D007EC84B /* PBXTargetDependency */,
			);
			name = Swift_AnimationUITests;
			productName = Swift_AnimationUITests;
			productReference = DC05BD1D1C71622D007EC84B /* Swift_AnimationUITests.xctest */;
			productType = "com.apple.product-type.bundle.ui-testing";
		};
/* End PBXNativeTarget section */

/* Begin PBXProject section */
		DC05BCF61C71622D007EC84B /* Project object */ = {
			isa = PBXProject;
			attributes = {
				LastSwiftUpdateCheck = 0720;
				LastUpgradeCheck = 0720;
				ORGANIZATIONNAME = coder;
				TargetAttributes = {
					DC05BCFD1C71622D007EC84B = {
						CreatedOnToolsVersion = 7.2;
					};
					DC05BD111C71622D007EC84B = {
						CreatedOnToolsVersion = 7.2;
						TestTargetID = DC05BCFD1C71622D007EC84B;
					};
					DC05BD1C1C71622D007EC84B = {
						CreatedOnToolsVersion = 7.2;
						TestTargetID = DC05BCFD1C71622D007EC84B;
					};
				};
			};
			buildConfigurationList = DC05BCF91C71622D007EC84B /* Build configuration list for PBXProject "Swift_Animation" */;
			compatibilityVersion = "Xcode 3.2";
			developmentRegion = English;
			hasScannedForEncodings = 0;
			knownRegions = (
				en,
				Base,
			);
			mainGroup = DC05BCF51C71622D007EC84B;
			productRefGroup = DC05BCFF1C71622D007EC84B /* Products */;
			projectDirPath = "";
			projectRoot = "";
			targets = (
				DC05BCFD1C71622D007EC84B /* Swift_Animation */,
				DC05BD111C71622D007EC84B /* Swift_AnimationTests */,
				DC05BD1C1C71622D007EC84B /* Swift_AnimationUITests */,
			);
		};
/* End PBXProject section */

/* Begin PBXResourcesBuildPhase section */
		DC05BCFC1C71622D007EC84B /* Resources */ = {
			isa = PBXResourcesBuildPhase;
			buildActionMask = 2147483647;
			files = (
				DC05BD0C1C71622D007EC84B /* LaunchScreen.storyboard in Resources */,
				DC05BD091C71622D007EC84B /* Assets.xcassets in Resources */,
				DC05BD071C71622D007EC84B /* Main.storyboard in Resources */,
			);
			runOnlyForDeploymentPostprocessing = 0;
		};
		DC05BD101C71622D007EC84B /* Resources */ = {
			isa = PBXResourcesBuildPhase;
			buildActionMask = 2147483647;
			files = (
			);
			runOnlyForDeploymentPostprocessing = 0;
		};
		DC05BD1B1C71622D007EC84B /* Resources */ = {
			isa = PBXResourcesBuildPhase;
			buildActionMask = 2147483647;
			files = (
			);
			runOnlyForDeploymentPostprocessing = 0;
		};
/* End PBXResourcesBuildPhase section */

/* Begin PBXSourcesBuildPhase section */
		DC05BCFA1C71622D007EC84B /* Sources */ = {
			isa = PBXSourcesBuildPhase;
			buildActionMask = 2147483647;
			files = (
				DC05BD301C71692E007EC84B /* HolderView.swift in Sources */,
				DC05BD351C71A7BE007EC84B /* TriangleLayer.swift in Sources */,
				DC05BD321C716957007EC84B /* OvalLayer.swift in Sources */,
				DC05BD041C71622D007EC84B /* ViewController.swift in Sources */,
				DC05BD3C1C7315F2007EC84B /* ArcLayer.swift in Sources */,
				DC05BD021C71622D007EC84B /* AppDelegate.swift in Sources */,
				DC05BD3A1C72D7E3007EC84B /* RectangleLayer.swift in Sources */,
			);
			runOnlyForDeploymentPostprocessing = 0;
		};
		DC05BD0E1C71622D007EC84B /* Sources */ = {
			isa = PBXSourcesBuildPhase;
			buildActionMask = 2147483647;
			files = (
				DC05BD171C71622D007EC84B /* Swift_AnimationTests.swift in Sources */,
			);
			runOnlyForDeploymentPostprocessing = 0;
		};
		DC05BD191C71622D007EC84B /* Sources */ = {
			isa = PBXSourcesBuildPhase;
			buildActionMask = 2147483647;
			files = (
				DC05BD221C71622D007EC84B /* Swift_AnimationUITests.swift in Sources */,
			);
			runOnlyForDeploymentPostprocessing = 0;
		};
/* End PBXSourcesBuildPhase section */

/* Begin PBXTargetDependency section */
		DC05BD141C71622D007EC84B /* PBXTargetDependency */ = {
			isa = PBXTargetDependency;
			target = DC05BCFD1C71622D007EC84B /* Swift_Animation */;
			targetProxy = DC05BD131C71622D007EC84B /* PBXContainerItemProxy */;
		};
		DC05BD1F1C71622D007EC84B /* PBXTargetDependency */ = {
			isa = PBXTargetDependency;
			target = DC05BCFD1C71622D007EC84B /* Swift_Animation */;
			targetProxy = DC05BD1E1C71622D007EC84B /* PBXContainerItemProxy */;
		};
/* End PBXTargetDependency section */

/* Begin PBXVariantGroup section */
		DC05BD051C71622D007EC84B /* Main.storyboard */ = {
			isa = PBXVariantGroup;
			children = (
				DC05BD061C71622D007EC84B /* Base */,
			);
			name = Main.storyboard;
			sourceTree = "<group>";
		};
		DC05BD0A1C71622D007EC84B /* LaunchScreen.storyboard */ = {
			isa = PBXVariantGroup;
			children = (
				DC05BD0B1C71622D007EC84B /* Base */,
			);
			name = LaunchScreen.storyboard;
			sourceTree = "<group>";
		};
/* End PBXVariantGroup section */

/* Begin XCBuildConfiguration section */
		DC05BD241C71622D007EC84B /* Debug */ = {
			isa = XCBuildConfiguration;
			buildSettings = {
				ALWAYS_SEARCH_USER_PATHS = NO;
				CLANG_CXX_LANGUAGE_STANDARD = "gnu++0x";
				CLANG_CXX_LIBRARY = "libc++";
				CLANG_ENABLE_MODULES = YES;
				CLANG_ENABLE_OBJC_ARC = YES;
				CLANG_WARN_BOOL_CONVERSION = YES;
				CLANG_WARN_CONSTANT_CONVERSION = YES;
				CLANG_WARN_DIRECT_OBJC_ISA_USAGE = YES_ERROR;
				CLANG_WARN_EMPTY_BODY = YES;
				CLANG_WARN_ENUM_CONVERSION = YES;
				CLANG_WARN_INT_CONVERSION = YES;
				CLANG_WARN_OBJC_ROOT_CLASS = YES_ERROR;
				CLANG_WARN_UNREACHABLE_CODE = YES;
				CLANG_WARN__DUPLICATE_METHOD_MATCH = YES;
				"CODE_SIGN_IDENTITY[sdk=iphoneos*]" = "iPhone Developer";
				COPY_PHASE_STRIP = NO;
				DEBUG_INFORMATION_FORMAT = dwarf;
				ENABLE_STRICT_OBJC_MSGSEND = YES;
				ENABLE_TESTABILITY = YES;
				GCC_C_LANGUAGE_STANDARD = gnu99;
				GCC_DYNAMIC_NO_PIC = NO;
				GCC_NO_COMMON_BLOCKS = YES;
				GCC_OPTIMIZATION_LEVEL = 0;
				GCC_PREPROCESSOR_DEFINITIONS = (
					"DEBUG=1",
					"$(inherited)",
				);
				GCC_WARN_64_TO_32_BIT_CONVERSION = YES;
				GCC_WARN_ABOUT_RETURN_TYPE = YES_ERROR;
				GCC_WARN_UNDECLARED_SELECTOR = YES;
				GCC_WARN_UNINITIALIZED_AUTOS = YES_AGGRESSIVE;
				GCC_WARN_UNUSED_FUNCTION = YES;
				GCC_WARN_UNUSED_VARIABLE = YES;
				IPHONEOS_DEPLOYMENT_TARGET = 9.2;
				MTL_ENABLE_DEBUG_INFO = YES;
				ONLY_ACTIVE_ARCH = YES;
				SDKROOT = iphoneos;
				SWIFT_OPTIMIZATION_LEVEL = "-Onone";
			};
			name = Debug;
		};
		DC05BD251C71622D007EC84B /* Release */ = {
			isa = XCBuildConfiguration;
			buildSettings = {
				ALWAYS_SEARCH_USER_PATHS = NO;
				CLANG_CXX_LANGUAGE_STANDARD = "gnu++0x";
				CLANG_CXX_LIBRARY = "libc++";
				CLANG_ENABLE_MODULES = YES;
				CLANG_ENABLE_OBJC_ARC = YES;
				CLANG_WARN_BOOL_CONVERSION = YES;
				CLANG_WARN_CONSTANT_CONVERSION = YES;
				CLANG_WARN_DIRECT_OBJC_ISA_USAGE = YES_ERROR;
				CLANG_WARN_EMPTY_BODY = YES;
				CLANG_WARN_ENUM_CONVERSION = YES;
				CLANG_WARN_INT_CONVERSION = YES;
				CLANG_WARN_OBJC_ROOT_CLASS = YES_ERROR;
				CLANG_WARN_UNREACHABLE_CODE = YES;
				CLANG_WARN__DUPLICATE_METHOD_MATCH = YES;
				"CODE_SIGN_IDENTITY[sdk=iphoneos*]" = "iPhone Developer";
				COPY_PHASE_STRIP = NO;
				DEBUG_INFORMATION_FORMAT = "dwarf-with-dsym";
				ENABLE_NS_ASSERTIONS = NO;
				ENABLE_STRICT_OBJC_MSGSEND = YES;
				GCC_C_LANGUAGE_STANDARD = gnu99;
				GCC_NO_COMMON_BLOCKS = YES;
				GCC_WARN_64_TO_32_BIT_CONVERSION = YES;
				GCC_WARN_ABOUT_RETURN_TYPE = YES_ERROR;
				GCC_WARN_UNDECLARED_SELECTOR = YES;
				GCC_WARN_UNINITIALIZED_AUTOS = YES_AGGRESSIVE;
				GCC_WARN_UNUSED_FUNCTION = YES;
				GCC_WARN_UNUSED_VARIABLE = YES;
				IPHONEOS_DEPLOYMENT_TARGET = 9.2;
				MTL_ENABLE_DEBUG_INFO = NO;
				SDKROOT = iphoneos;
				VALIDATE_PRODUCT = YES;
			};
			name = Release;
		};
		DC05BD271C71622D007EC84B /* Debug */ = {
			isa = XCBuildConfiguration;
			buildSettings = {
				ASSETCATALOG_COMPILER_APPICON_NAME = AppIcon;
				INFOPLIST_FILE = Swift_Animation/Info.plist;
				IPHONEOS_DEPLOYMENT_TARGET = 8.0;
				LD_RUNPATH_SEARCH_PATHS = "$(inherited) @executable_path/Frameworks";
				PRODUCT_BUNDLE_IDENTIFIER = "com.vbuy.Swift-Animation";
				PRODUCT_NAME = "$(TARGET_NAME)";
			};
			name = Debug;
		};
		DC05BD281C71622D007EC84B /* Release */ = {
			isa = XCBuildConfiguration;
			buildSettings = {
				ASSETCATALOG_COMPILER_APPICON_NAME = AppIcon;
				INFOPLIST_FILE = Swift_Animation/Info.plist;
				IPHONEOS_DEPLOYMENT_TARGET = 8.0;
				LD_RUNPATH_SEARCH_PATHS = "$(inherited) @executable_path/Frameworks";
				PRODUCT_BUNDLE_IDENTIFIER = "com.vbuy.Swift-Animation";
				PRODUCT_NAME = "$(TARGET_NAME)";
			};
			name = Release;
		};
		DC05BD2A1C71622D007EC84B /* Debug */ = {
			isa = XCBuildConfiguration;
			buildSettings = {
				BUNDLE_LOADER = "$(TEST_HOST)";
				INFOPLIST_FILE = Swift_AnimationTests/Info.plist;
				LD_RUNPATH_SEARCH_PATHS = "$(inherited) @executable_path/Frameworks @loader_path/Frameworks";
				PRODUCT_BUNDLE_IDENTIFIER = "com.vbuy.Swift-AnimationTests";
				PRODUCT_NAME = "$(TARGET_NAME)";
				TEST_HOST = "$(BUILT_PRODUCTS_DIR)/Swift_Animation.app/Swift_Animation";
			};
			name = Debug;
		};
		DC05BD2B1C71622D007EC84B /* Release */ = {
			isa = XCBuildConfiguration;
			buildSettings = {
				BUNDLE_LOADER = "$(TEST_HOST)";
				INFOPLIST_FILE = Swift_AnimationTests/Info.plist;
				LD_RUNPATH_SEARCH_PATHS = "$(inherited) @executable_path/Frameworks @loader_path/Frameworks";
				PRODUCT_BUNDLE_IDENTIFIER = "com.vbuy.Swift-AnimationTests";
				PRODUCT_NAME = "$(TARGET_NAME)";
				TEST_HOST = "$(BUILT_PRODUCTS_DIR)/Swift_Animation.app/Swift_Animation";
			};
			name = Release;
		};
		DC05BD2D1C71622D007EC84B /* Debug */ = {
			isa = XCBuildConfiguration;
			buildSettings = {
				INFOPLIST_FILE = Swift_AnimationUITests/Info.plist;
				LD_RUNPATH_SEARCH_PATHS = "$(inherited) @executable_path/Frameworks @loader_path/Frameworks";
				PRODUCT_BUNDLE_IDENTIFIER = "com.vbuy.Swift-AnimationUITests";
				PRODUCT_NAME = "$(TARGET_NAME)";
				TEST_TARGET_NAME = Swift_Animation;
				USES_XCTRUNNER = YES;
			};
			name = Debug;
		};
		DC05BD2E1C71622D007EC84B /* Release */ = {
			isa = XCBuildConfiguration;
			buildSettings = {
				INFOPLIST_FILE = Swift_AnimationUITests/Info.plist;
				LD_RUNPATH_SEARCH_PATHS = "$(inherited) @executable_path/Frameworks @loader_path/Frameworks";
				PRODUCT_BUNDLE_IDENTIFIER = "com.vbuy.Swift-AnimationUITests";
				PRODUCT_NAME = "$(TARGET_NAME)";
				TEST_TARGET_NAME = Swift_Animation;
				USES_XCTRUNNER = YES;
			};
			name = Release;
		};
/* End XCBuildConfiguration section */

/* Begin XCConfigurationList section */
		DC05BCF91C71622D007EC84B /* Build configuration list for PBXProject "Swift_Animation" */ = {
			isa = XCConfigurationList;
			buildConfigurations = (
				DC05BD241C71622D007EC84B /* Debug */,
				DC05BD251C71622D007EC84B /* Release */,
			);
			defaultConfigurationIsVisible = 0;
			defaultConfigurationName = Release;
		};
		DC05BD261C71622D007EC84B /* Build configuration list for PBXNativeTarget "Swift_Animation" */ = {
			isa = XCConfigurationList;
			buildConfigurations = (
				DC05BD271C71622D007EC84B /* Debug */,
				DC05BD281C71622D007EC84B /* Release */,
			);
			defaultConfigurationIsVisible = 0;
		};
		DC05BD291C71622D007EC84B /* Build configuration list for PBXNativeTarget "Swift_AnimationTests" */ = {
			isa = XCConfigurationList;
			buildConfigurations = (
				DC05BD2A1C71622D007EC84B /* Debug */,
				DC05BD2B1C71622D007EC84B /* Release */,
			);
			defaultConfigurationIsVisible = 0;
		};
		DC05BD2C1C71622D007EC84B /* Build configuration list for PBXNativeTarget "Swift_AnimationUITests" */ = {
			isa = XCConfigurationList;
			buildConfigurations = (
				DC05BD2D1C71622D007EC84B /* Debug */,
				DC05BD2E1C71622D007EC84B /* Release */,
			);
			defaultConfigurationIsVisible = 0;
		};
/* End XCConfigurationList section */
	};
	rootObject = DC05BCF61C71622D007EC84B /* Project object */;
}
